{
  "lockfile_version": "1",
  "packages": {
    "bat@0.25.0": {
      "last_modified": "2025-07-28T17:09:23Z",
      "resolved": "github:NixOS/nixpkgs/648f70160c03151bc2121d179291337ad6bc564b#bat",
      "source": "devbox-search",
      "version": "0.25.0",
      "systems": {
        "aarch64-darwin": {
          "outputs": [
            {
              "name": "out",
              "path": "/nix/store/xl3zn1i9w2ai90q29a1051kp2yr2falc-bat-0.25.0",
              "default": true
            }
          ],
          "store_path": "/nix/store/xl3zn1i9w2ai90q29a1051kp2yr2falc-bat-0.25.0"
        },
        "aarch64-linux": {
          "outputs": [
            {
              "name": "out",
              "path": "/nix/store/kp4wh02kfqyblmk84yq5lpfr6r7ngxix-bat-0.25.0",
              "default": true
            }
          ],
          "store_path": "/nix/store/kp4wh02kfqyblmk84yq5lpfr6r7ngxix-bat-0.25.0"
        },
        "x86_64-darwin": {
          "outputs": [
            {
              "name": "out",
              "path": "/nix/store/1yddl5k3ws6xl7bfvl8inqlvd1h10bha-bat-0.25.0",
              "default": true
            }
          ],
          "store_path": "/nix/store/1yddl5k3ws6xl7bfvl8inqlvd1h10bha-bat-0.25.0"
        },
        "x86_64-linux": {
          "outputs": [
            {
              "name": "out",
              "path": "/nix/store/mwg9cw21x0vxj4vlj18kzxdh542a8wml-bat-0.25.0",
              "default": true
            }
          ],
          "store_path": "/nix/store/mwg9cw21x0vxj4vlj18kzxdh542a8wml-bat-0.25.0"
        }
      }
    },
    "fluxcd@2.5.1": {
      "last_modified": "2025-05-16T20:19:48Z",
      "resolved": "github:NixOS/nixpkgs/12a55407652e04dcf2309436eb06fef0d3713ef3#fluxcd",
      "source": "devbox-search",
      "version": "2.5.1",
      "systems": {
        "aarch64-darwin": {
          "outputs": [
            {
              "name": "out",
              "path": "/nix/store/ndpsrfwmnv2rvcw4vqaczch5f28cal2l-fluxcd-2.5.1",
              "default": true
            }
          ],
          "store_path": "/nix/store/ndpsrfwmnv2rvcw4vqaczch5f28cal2l-fluxcd-2.5.1"
        },
        "aarch64-linux": {
          "outputs": [
            {
              "name": "out",
              "path": "/nix/store/zgdpjx565phaagy9bldcn6qdp4hyjmbw-fluxcd-2.5.1",
              "default": true
            }
          ],
          "store_path": "/nix/store/zgdpjx565phaagy9bldcn6qdp4hyjmbw-fluxcd-2.5.1"
        },
        "x86_64-darwin": {
          "outputs": [
            {
              "name": "out",
              "path": "/nix/store/5q8v5pf07fzsyvd2qc6bfabmy6i9k6bj-fluxcd-2.5.1",
              "default": true
            }
          ],
          "store_path": "/nix/store/5q8v5pf07fzsyvd2qc6bfabmy6i9k6bj-fluxcd-2.5.1"
        },
        "x86_64-linux": {
          "outputs": [
            {
              "name": "out",
              "path": "/nix/store/6a2c7gxh7446ddcdhdx91lzb8j1f19x1-fluxcd-2.5.1",
              "default": true
            }
          ],
          "store_path": "/nix/store/6a2c7gxh7446ddcdhdx91lzb8j1f19x1-fluxcd-2.5.1"
        }
      }
    },
    "gh@2.76.1": {
      "last_modified": "2025-07-28T17:09:23Z",
      "resolved": "github:NixOS/nixpkgs/648f70160c03151bc2121d179291337ad6bc564b#gh",
      "source": "devbox-search",
      "version": "2.76.1",
      "systems": {
        "aarch64-darwin": {
          "outputs": [
            {
              "name": "out",
              "path": "/nix/store/9zxampmywas4p1ia81575666djmhgwp4-gh-2.76.1",
              "default": true
            }
          ],
          "store_path": "/nix/store/9zxampmywas4p1ia81575666djmhgwp4-gh-2.76.1"
        },
        "aarch64-linux": {
          "outputs": [
            {
              "name": "out",
              "path": "/nix/store/q68xg5fvylzipdhxc8d6pd6knmydwv64-gh-2.76.1",
              "default": true
            }
          ],
          "store_path": "/nix/store/q68xg5fvylzipdhxc8d6pd6knmydwv64-gh-2.76.1"
        },
        "x86_64-darwin": {
          "outputs": [
            {
              "name": "out",
              "path": "/nix/store/mwg6pz2am6f5g7y3l5vaajmja723lv7l-gh-2.76.1",
              "default": true
            }
          ],
          "store_path": "/nix/store/mwg6pz2am6f5g7y3l5vaajmja723lv7l-gh-2.76.1"
        },
        "x86_64-linux": {
          "outputs": [
            {
              "name": "out",
              "path": "/nix/store/mnkkx3r9jbd7qq94ajzywyd99javi1c7-gh-2.76.1",
              "default": true
            }
          ],
          "store_path": "/nix/store/mnkkx3r9jbd7qq94ajzywyd99javi1c7-gh-2.76.1"
        }
      }
    },
    "git@2.48.1": {
      "last_modified": "2025-04-13T09:22:33Z",
      "resolved": "github:NixOS/nixpkgs/18dd725c29603f582cf1900e0d25f9f1063dbf11#git",
      "source": "devbox-search",
      "version": "2.48.1",
      "systems": {
        "aarch64-darwin": {
          "outputs": [
            {
              "name": "out",
              "path": "/nix/store/b3sci30zzzlj3rzj1y89cijnd6zcwapk-git-2.48.1",
              "default": true
            },
            {
              "name": "doc",
              "path": "/nix/store/086knqdw7fjgzczp0i6nad95s2v6jbya-git-2.48.1-doc"
            }
          ],
          "store_path": "/nix/store/b3sci30zzzlj3rzj1y89cijnd6zcwapk-git-2.48.1"
        },
        "aarch64-linux": {
          "outputs": [
            {
              "name": "out",
              "path": "/nix/store/pck1dr5jxrd5b8nmfasbn13z422jhcfm-git-2.48.1",
              "default": true
            },
            {
              "name": "debug",
              "path": "/nix/store/xqqsvzlilh843rm6knykyng81apapr33-git-2.48.1-debug"
            },
            {
              "name": "doc",
              "path": "/nix/store/485b32ys0s2dvjfisn7405ildmpqvfzk-git-2.48.1-doc"
            }
          ],
          "store_path": "/nix/store/pck1dr5jxrd5b8nmfasbn13z422jhcfm-git-2.48.1"
        },
        "x86_64-darwin": {
          "outputs": [
            {
              "name": "out",
              "path": "/nix/store/9qjzgsf9mvdp6sfd7xyzhgrahl2qhhp6-git-2.48.1",
              "default": true
            },
            {
              "name": "doc",
              "path": "/nix/store/cgv7qa0ix059ma9a0qac0bywfvl3k7k2-git-2.48.1-doc"
            }
          ],
          "store_path": "/nix/store/9qjzgsf9mvdp6sfd7xyzhgrahl2qhhp6-git-2.48.1"
        },
        "x86_64-linux": {
          "outputs": [
            {
              "name": "out",
              "path": "/nix/store/lqx2rv26sdndpa2vyy2vxsahj03km69z-git-2.48.1",
              "default": true
            },
            {
              "name": "doc",
              "path": "/nix/store/hjczhs1dm3hzij7mx5c91rkzqvkb89av-git-2.48.1-doc"
            },
            {
              "name": "debug",
              "path": "/nix/store/bk8xndavdnc2qgyvc6hcc8h29lk9jzqb-git-2.48.1-debug"
            }
          ],
          "store_path": "/nix/store/lqx2rv26sdndpa2vyy2vxsahj03km69z-git-2.48.1"
        }
      }
    },
    "github:NixOS/nixpkgs/nixpkgs-unstable": {
      "last_modified": "2025-08-10T04:38:50Z",
      "resolved": "github:NixOS/nixpkgs/641d909c4a7538f1539da9240dedb1755c907e40?lastModified=1754800730&narHash=sha256-HfVZCXic9XLBgybP0318ym3cDnGwBs%2F%2BH5MgxFVYF4I%3D"
    },
    "go-task@3.43.3": {
      "last_modified": "2025-06-20T02:24:11Z",
      "resolved": "github:NixOS/nixpkgs/076e8c6678d8c54204abcb4b1b14c366835a58bb#go-task",
      "source": "devbox-search",
      "version": "3.43.3",
      "systems": {
        "aarch64-darwin": {
          "outputs": [
            {
              "name": "out",
              "path": "/nix/store/ss65wy1s6wi6ixm9pypssbj5jm649i2c-go-task-3.43.3",
              "default": true
            }
          ],
          "store_path": "/nix/store/ss65wy1s6wi6ixm9pypssbj5jm649i2c-go-task-3.43.3"
        },
        "aarch64-linux": {
          "outputs": [
            {
              "name": "out",
              "path": "/nix/store/dfs4z98h0kp5zdjc2gz5dzqbsz8qwjnb-go-task-3.43.3",
              "default": true
            }
          ],
          "store_path": "/nix/store/dfs4z98h0kp5zdjc2gz5dzqbsz8qwjnb-go-task-3.43.3"
        },
        "x86_64-darwin": {
          "outputs": [
            {
              "name": "out",
              "path": "/nix/store/s8fc6jpdkvsvqynhwifvaacfq3pvrqmb-go-task-3.43.3",
              "default": true
            }
          ],
          "store_path": "/nix/store/s8fc6jpdkvsvqynhwifvaacfq3pvrqmb-go-task-3.43.3"
        },
        "x86_64-linux": {
          "outputs": [
            {
              "name": "out",
              "path": "/nix/store/64rqvndzck53pq5162qshp47b5rsglrh-go-task-3.43.3",
              "default": true
            }
          ],
          "store_path": "/nix/store/64rqvndzck53pq5162qshp47b5rsglrh-go-task-3.43.3"
        }
      }
    },
    "go@1.24.5": {
      "last_modified": "2025-07-28T17:09:23Z",
      "resolved": "github:NixOS/nixpkgs/648f70160c03151bc2121d179291337ad6bc564b#go",
      "source": "devbox-search",
      "version": "1.24.5",
      "systems": {
        "aarch64-darwin": {
          "outputs": [
            {
              "name": "out",
              "path": "/nix/store/kw1vd98s15vj700m3gx2x2xca2z477i3-go-1.24.5",
              "default": true
            }
          ],
          "store_path": "/nix/store/kw1vd98s15vj700m3gx2x2xca2z477i3-go-1.24.5"
        },
        "aarch64-linux": {
          "outputs": [
            {
              "name": "out",
              "path": "/nix/store/5bzlaj0c4mqw9p0zrcx5g9vz16vd45dl-go-1.24.5",
              "default": true
            }
          ],
          "store_path": "/nix/store/5bzlaj0c4mqw9p0zrcx5g9vz16vd45dl-go-1.24.5"
        },
        "x86_64-darwin": {
          "outputs": [
            {
              "name": "out",
              "path": "/nix/store/b72n20ixzl5ja9vciwahkr30bhmsn5jc-go-1.24.5",
              "default": true
            }
          ],
          "store_path": "/nix/store/b72n20ixzl5ja9vciwahkr30bhmsn5jc-go-1.24.5"
        },
        "x86_64-linux": {
          "outputs": [
            {
              "name": "out",
              "path": "/nix/store/y4awwzp30ka130wmjrpaqjmjdf9p010w-go-1.24.5",
              "default": true
            }
          ],
          "store_path": "/nix/store/y4awwzp30ka130wmjrpaqjmjdf9p010w-go-1.24.5"
        }
      }
    },
    "k9s@0.50.6": {
      "last_modified": "2025-06-20T02:24:11Z",
      "resolved": "github:NixOS/nixpkgs/076e8c6678d8c54204abcb4b1b14c366835a58bb#k9s",
      "source": "devbox-search",
      "version": "0.50.6",
      "systems": {
        "aarch64-darwin": {
          "outputs": [
            {
              "name": "out",
              "path": "/nix/store/ab3yk7jjbis2lvwr2vylh55yilvcyyss-k9s-0.50.6",
              "default": true
            }
          ],
          "store_path": "/nix/store/ab3yk7jjbis2lvwr2vylh55yilvcyyss-k9s-0.50.6"
        },
        "aarch64-linux": {
          "outputs": [
            {
              "name": "out",
              "path": "/nix/store/nwhn66gkma56l1ihc3f3c66s1pn2apvs-k9s-0.50.6",
              "default": true
            }
          ],
          "store_path": "/nix/store/nwhn66gkma56l1ihc3f3c66s1pn2apvs-k9s-0.50.6"
        },
        "x86_64-darwin": {
          "outputs": [
            {
              "name": "out",
              "path": "/nix/store/c2pzr4kc29pd8g70qymcy4adc9hp487c-k9s-0.50.6",
              "default": true
            }
          ],
          "store_path": "/nix/store/c2pzr4kc29pd8g70qymcy4adc9hp487c-k9s-0.50.6"
        },
        "x86_64-linux": {
          "outputs": [
            {
              "name": "out",
              "path": "/nix/store/czzciqk5nfmyjzq0ax7n6wvxv4z7q92z-k9s-0.50.6",
              "default": true
            }
          ],
          "store_path": "/nix/store/czzciqk5nfmyjzq0ax7n6wvxv4z7q92z-k9s-0.50.6"
        }
      }
    },
    "kind@0.27.0": {
      "last_modified": "2025-05-16T20:19:48Z",
      "resolved": "github:NixOS/nixpkgs/12a55407652e04dcf2309436eb06fef0d3713ef3#kind",
      "source": "devbox-search",
      "version": "0.27.0",
      "systems": {
        "aarch64-darwin": {
          "outputs": [
            {
              "name": "out",
              "path": "/nix/store/hxi2yz0v53i2vdjgrpiiw5f1l1xrn8ra-kind-0.27.0",
              "default": true
            }
          ],
          "store_path": "/nix/store/hxi2yz0v53i2vdjgrpiiw5f1l1xrn8ra-kind-0.27.0"
        },
        "aarch64-linux": {
          "outputs": [
            {
              "name": "out",
              "path": "/nix/store/0sa4hv12sq8q3m73g2kdav18yb0jbnmm-kind-0.27.0",
              "default": true
            }
          ],
          "store_path": "/nix/store/0sa4hv12sq8q3m73g2kdav18yb0jbnmm-kind-0.27.0"
        },
        "x86_64-darwin": {
          "outputs": [
            {
              "name": "out",
              "path": "/nix/store/dkm6ibjbk5ra51cvr637iy2gfcrlbqp0-kind-0.27.0",
              "default": true
            }
          ],
          "store_path": "/nix/store/dkm6ibjbk5ra51cvr637iy2gfcrlbqp0-kind-0.27.0"
        },
        "x86_64-linux": {
          "outputs": [
            {
              "name": "out",
              "path": "/nix/store/1f4qk0ga3550d8w4lvqvrf5jrjz59kdy-kind-0.27.0",
              "default": true
            }
          ],
          "store_path": "/nix/store/1f4qk0ga3550d8w4lvqvrf5jrjz59kdy-kind-0.27.0"
        }
      }
    },
    "kubectl-tree@0.4.3": {
      "last_modified": "2025-07-28T17:09:23Z",
      "resolved": "github:NixOS/nixpkgs/648f70160c03151bc2121d179291337ad6bc564b#kubectl-tree",
      "source": "devbox-search",
      "version": "0.4.3",
      "systems": {
        "aarch64-darwin": {
          "outputs": [
            {
              "name": "out",
              "path": "/nix/store/0rjgbiygl0jw3wxd76qs96nfyyk6mhbi-kubectl-tree-0.4.3",
              "default": true
            }
          ],
          "store_path": "/nix/store/0rjgbiygl0jw3wxd76qs96nfyyk6mhbi-kubectl-tree-0.4.3"
        },
        "aarch64-linux": {
          "outputs": [
            {
              "name": "out",
              "path": "/nix/store/y35pjyr1a3anhvnlr2b5386s31ns8fyn-kubectl-tree-0.4.3",
              "default": true
            }
          ],
          "store_path": "/nix/store/y35pjyr1a3anhvnlr2b5386s31ns8fyn-kubectl-tree-0.4.3"
        },
        "x86_64-darwin": {
          "outputs": [
            {
              "name": "out",
              "path": "/nix/store/ps60qhcr5gm0cvgzphswwhv1145fnk09-kubectl-tree-0.4.3",
              "default": true
            }
          ],
          "store_path": "/nix/store/ps60qhcr5gm0cvgzphswwhv1145fnk09-kubectl-tree-0.4.3"
        },
        "x86_64-linux": {
          "outputs": [
            {
              "name": "out",
              "path": "/nix/store/ln5gjcdfgmr9kwcsp0qzf3qabdn3j4dn-kubectl-tree-0.4.3",
              "default": true
            }
          ],
          "store_path": "/nix/store/ln5gjcdfgmr9kwcsp0qzf3qabdn3j4dn-kubectl-tree-0.4.3"
        }
      }
    },
    "kubectl@1.33.0": {
      "last_modified": "2025-05-16T20:19:48Z",
      "resolved": "github:NixOS/nixpkgs/12a55407652e04dcf2309436eb06fef0d3713ef3#kubectl",
      "source": "devbox-search",
      "version": "1.33.0",
      "systems": {
        "aarch64-darwin": {
          "outputs": [
            {
              "name": "out",
              "path": "/nix/store/402qdc96z88sil3j4wgr780nqlfl7fvz-kubectl-1.33.0",
              "default": true
            },
            {
              "name": "man",
              "path": "/nix/store/a9xsp33pfmng1411zzank853is0dlk5q-kubectl-1.33.0-man",
              "default": true
            },
            {
              "name": "convert",
              "path": "/nix/store/xapln59nb67wbsvvcj8rqxh63nzvljwy-kubectl-1.33.0-convert"
            }
          ],
          "store_path": "/nix/store/402qdc96z88sil3j4wgr780nqlfl7fvz-kubectl-1.33.0"
        },
        "aarch64-linux": {
          "outputs": [
            {
              "name": "out",
              "path": "/nix/store/qms0pllz09sckfcrxyy03790jdryn802-kubectl-1.33.0",
              "default": true
            },
            {
              "name": "man",
              "path": "/nix/store/9jh6dknzzkjabs64zl4qrzfm8pnhx03l-kubectl-1.33.0-man",
              "default": true
            },
            {
              "name": "convert",
              "path": "/nix/store/mxnjb3lh156b0g0agfczhkrs6cyqx4is-kubectl-1.33.0-convert"
            }
          ],
          "store_path": "/nix/store/qms0pllz09sckfcrxyy03790jdryn802-kubectl-1.33.0"
        },
        "x86_64-darwin": {
          "outputs": [
            {
              "name": "out",
              "path": "/nix/store/ry8arpjf8x8gzcsb2gmdx360613lpxgz-kubectl-1.33.0",
              "default": true
            },
            {
              "name": "man",
              "path": "/nix/store/pnabai47mcqnnh0q3zzcbfsnhbl3dbnm-kubectl-1.33.0-man",
              "default": true
            },
            {
              "name": "convert",
              "path": "/nix/store/h3jb5f5lb7s6gz3522sk0gf458c3wmaq-kubectl-1.33.0-convert"
            }
          ],
          "store_path": "/nix/store/ry8arpjf8x8gzcsb2gmdx360613lpxgz-kubectl-1.33.0"
        },
        "x86_64-linux": {
          "outputs": [
            {
              "name": "out",
              "path": "/nix/store/f93la7iy82zzmhr9wc5rxh18yqajr95v-kubectl-1.33.0",
              "default": true
            },
            {
              "name": "man",
              "path": "/nix/store/ifif1zqv5k8z5ggpvh5x3iynhyc9ma5v-kubectl-1.33.0-man",
              "default": true
            },
            {
              "name": "convert",
              "path": "/nix/store/m5ng07c66w7aqxj26i9s8968k0b9k10x-kubectl-1.33.0-convert"
            }
          ],
          "store_path": "/nix/store/f93la7iy82zzmhr9wc5rxh18yqajr95v-kubectl-1.33.0"
        }
      }
    },
    "kubernetes-helm@3.17.3": {
      "last_modified": "2025-05-16T20:19:48Z",
      "resolved": "github:NixOS/nixpkgs/12a55407652e04dcf2309436eb06fef0d3713ef3#kubernetes-helm",
      "source": "devbox-search",
      "version": "3.17.3",
      "systems": {
        "aarch64-darwin": {
          "outputs": [
            {
              "name": "out",
              "path": "/nix/store/mg9rya9swd6lymmarlgjmx2m037ydngc-kubernetes-helm-3.17.3",
              "default": true
            }
          ],
          "store_path": "/nix/store/mg9rya9swd6lymmarlgjmx2m037ydngc-kubernetes-helm-3.17.3"
        },
        "aarch64-linux": {
          "outputs": [
            {
              "name": "out",
              "path": "/nix/store/kd9x5i47ydamzw514a6lc6r1i0ybiygn-kubernetes-helm-3.17.3",
              "default": true
            }
          ],
          "store_path": "/nix/store/kd9x5i47ydamzw514a6lc6r1i0ybiygn-kubernetes-helm-3.17.3"
        },
        "x86_64-darwin": {
          "outputs": [
            {
              "name": "out",
              "path": "/nix/store/kiy0fscxlhdyy1v7rj290g0vbwa62m3i-kubernetes-helm-3.17.3",
              "default": true
            }
          ],
          "store_path": "/nix/store/kiy0fscxlhdyy1v7rj290g0vbwa62m3i-kubernetes-helm-3.17.3"
        },
        "x86_64-linux": {
          "outputs": [
            {
              "name": "out",
              "path": "/nix/store/z8fh9w8y3hlckw7zqi29hgfz0x5gyi0s-kubernetes-helm-3.17.3",
              "default": true
            }
          ],
          "store_path": "/nix/store/z8fh9w8y3hlckw7zqi29hgfz0x5gyi0s-kubernetes-helm-3.17.3"
        }
      }
    },
    "minikube@1.36.0": {
      "last_modified": "2025-08-12T09:17:37Z",
      "resolved": "github:NixOS/nixpkgs/372d9eeeafa5b15913201e2b92e8e539ac7c64d1#minikube",
      "source": "devbox-search",
      "version": "1.36.0",
      "systems": {
        "aarch64-darwin": {
          "outputs": [
            {
              "name": "out",
              "path": "/nix/store/1sb2wrji50llwqa60fib3fs9kjhxf8jc-minikube-1.36.0",
              "default": true
            }
          ],
          "store_path": "/nix/store/1sb2wrji50llwqa60fib3fs9kjhxf8jc-minikube-1.36.0"
        },
        "aarch64-linux": {
          "outputs": [
            {
              "name": "out",
              "path": "/nix/store/mxrkwg08xg1lqj40qi0p1dcp2ffl4p09-minikube-1.36.0",
              "default": true
            }
          ],
          "store_path": "/nix/store/mxrkwg08xg1lqj40qi0p1dcp2ffl4p09-minikube-1.36.0"
        },
        "x86_64-darwin": {
          "outputs": [
            {
              "name": "out",
              "path": "/nix/store/yv1cnkr8x6qd74bp6f13isfpk6fxm443-minikube-1.36.0",
              "default": true
            }
          ],
          "store_path": "/nix/store/yv1cnkr8x6qd74bp6f13isfpk6fxm443-minikube-1.36.0"
        },
        "x86_64-linux": {
          "outputs": [
            {
              "name": "out",
              "path": "/nix/store/3qhchdn68ma87k3rmb1hpnk9gmj155c6-minikube-1.36.0",
              "default": true
            }
          ],
          "store_path": "/nix/store/3qhchdn68ma87k3rmb1hpnk9gmj155c6-minikube-1.36.0"
        }
      }
    },
    "nushell@0.104.0": {
      "last_modified": "2025-05-16T20:19:48Z",
      "resolved": "github:NixOS/nixpkgs/12a55407652e04dcf2309436eb06fef0d3713ef3#nushell",
      "source": "devbox-search",
      "version": "0.104.0",
      "systems": {
        "aarch64-darwin": {
          "outputs": [
            {
              "name": "out",
              "path": "/nix/store/4n5adksh17xrf5p4knpslv9004njzxgh-nushell-0.104.0",
              "default": true
            }
          ],
          "store_path": "/nix/store/4n5adksh17xrf5p4knpslv9004njzxgh-nushell-0.104.0"
        },
        "aarch64-linux": {
          "outputs": [
            {
              "name": "out",
              "path": "/nix/store/f1q5bvlgv5si530fpz9mky4sdmmcm9vl-nushell-0.104.0",
              "default": true
            }
          ],
          "store_path": "/nix/store/f1q5bvlgv5si530fpz9mky4sdmmcm9vl-nushell-0.104.0"
        },
        "x86_64-darwin": {
          "outputs": [
            {
              "name": "out",
              "path": "/nix/store/29sngawmfygz9vvgbmrch8kfiip753yx-nushell-0.104.0",
              "default": true
            }
          ],
          "store_path": "/nix/store/29sngawmfygz9vvgbmrch8kfiip753yx-nushell-0.104.0"
        },
        "x86_64-linux": {
          "outputs": [
            {
              "name": "out",
              "path": "/nix/store/ywp33ksgp2v32g0dwril2ds1rlri1kp8-nushell-0.104.0",
              "default": true
            }
          ],
          "store_path": "/nix/store/ywp33ksgp2v32g0dwril2ds1rlri1kp8-nushell-0.104.0"
        }
      }
    },
    "pandoc@3.6": {
      "last_modified": "2025-07-28T17:09:23Z",
      "resolved": "github:NixOS/nixpkgs/648f70160c03151bc2121d179291337ad6bc564b#pandoc",
      "source": "devbox-search",
      "version": "3.6",
      "systems": {
        "aarch64-darwin": {
          "outputs": [
            {
              "name": "out",
              "path": "/nix/store/xvv6ywa8k1jglrq2nnw7q6v24y9fllk9-pandoc-cli-3.6",
              "default": true
            }
          ],
          "store_path": "/nix/store/xvv6ywa8k1jglrq2nnw7q6v24y9fllk9-pandoc-cli-3.6"
        },
        "aarch64-linux": {
          "outputs": [
            {
              "name": "out",
              "path": "/nix/store/c5hmvi4k3ngy9581mhaxpa0400zgc98p-pandoc-cli-3.6",
              "default": true
            }
          ],
          "store_path": "/nix/store/c5hmvi4k3ngy9581mhaxpa0400zgc98p-pandoc-cli-3.6"
        },
        "x86_64-darwin": {
          "outputs": [
            {
              "name": "out",
              "path": "/nix/store/121jrcfinkibbq78pzrs5n52qnpmxds2-pandoc-cli-3.6",
              "default": true
            }
          ],
          "store_path": "/nix/store/121jrcfinkibbq78pzrs5n52qnpmxds2-pandoc-cli-3.6"
        },
        "x86_64-linux": {
          "outputs": [
            {
              "name": "out",
              "path": "/nix/store/zl2ga0yhal1yhp91n8bcskxnqj2pyx4y-pandoc-cli-3.6",
              "default": true
            }
          ],
          "store_path": "/nix/store/zl2ga0yhal1yhp91n8bcskxnqj2pyx4y-pandoc-cli-3.6"
        }
      }
    },
    "uv@0.7.6": {
      "last_modified": "2025-05-20T08:00:33Z",
      "resolved": "github:NixOS/nixpkgs/2f9173bde1d3fbf1ad26ff6d52f952f9e9da52ea#uv",
      "source": "devbox-search",
      "version": "0.7.6",
      "systems": {
        "aarch64-darwin": {
          "outputs": [
            {
              "name": "out",
              "path": "/nix/store/ld22lal9a6498g22j84sb6jzydlrablf-uv-0.7.6",
              "default": true
            }
          ],
          "store_path": "/nix/store/ld22lal9a6498g22j84sb6jzydlrablf-uv-0.7.6"
        },
        "aarch64-linux": {
          "outputs": [
            {
              "name": "out",
              "path": "/nix/store/23a4i8ryfl5lnckrajif7d5gaaq90l3x-uv-0.7.6",
              "default": true
            }
          ],
          "store_path": "/nix/store/23a4i8ryfl5lnckrajif7d5gaaq90l3x-uv-0.7.6"
        },
        "x86_64-darwin": {
          "outputs": [
            {
              "name": "out",
              "path": "/nix/store/8niy70xbnr66bwwc826r4z1h6jlrp6ry-uv-0.7.6",
              "default": true
            }
          ],
          "store_path": "/nix/store/8niy70xbnr66bwwc826r4z1h6jlrp6ry-uv-0.7.6"
        },
        "x86_64-linux": {
          "outputs": [
            {
              "name": "out",
              "path": "/nix/store/zh7c411m600dxh8y2mbmzcpaszr8rgb3-uv-0.7.6",
              "default": true
            }
          ],
          "store_path": "/nix/store/zh7c411m600dxh8y2mbmzcpaszr8rgb3-uv-0.7.6"
        }
      }
    }
  }
}
